
Microsoft Visual Studio Solution File, Format Version 10.00
# Visual Studio 2008
Project("{8BC9CEB8-8B4A-11D0-8D11-00A0C91BC942}") = "itbook", "itbook\itbook.vcproj", "{154048B6-7591-4071-8F94-8A9C6D03ED51}"
EndProject
Global
	GlobalSection(SolutionConfigurationPlatforms) = preSolution
		Debug|Win32 = Debug|Win32
		Release|Win32 = Release|Win32
	EndGlobalSection
	GlobalSection(ProjectConfigurationPlatforms) = postSolution
		{154048B6-7591-4071-8F94-8A9C6D03ED51}.Debug|Win32.ActiveCfg = Debug|Win32
		{154048B6-7591-4071-8F94-8A9C6D03ED51}.Debug|Win32.Build.0 = Debug|Win32
		{154048B6-7591-4071-8F94-8A9C6D03ED51}.Release|Win32.ActiveCfg = Release|Win32
		{154048B6-7591-4071-8F94-8A9C6D03ED51}.Release|Win32.Build.0 = Release|Win32
	EndGlobalSection
	GlobalSection(SolutionProperties) = preSolution
		HideSolutionNode = FALSE
	EndGlobalSection
EndGlobal
